
Microsoft Visual Studio Solution File, Format Version 12.00
# Visual Studio Version 17
VisualStudioVersion = 17.13.35919.96 d17.13
MinimumVisualStudioVersion = 10.0.40219.1
Project("{8BC9CEB8-8B4A-11D0-8D11-00A0C91BC942}") = "Ajedrez", "Ajedrez\Ajedrez.vcxproj", "{BD7B4428-4CAC-46C5-AAAE-B8666898B715}"
EndProject
Global
	GlobalSection(SolutionConfigurationPlatforms) = preSolution
		Debug|x64 = Debug|x64
		Debug|x86 = Debug|x86
		Release|x64 = Release|x64
		Release|x86 = Release|x86
	EndGlobalSection
	GlobalSection(ProjectConfigurationPlatforms) = postSolution
		{BD7B4428-4CAC-46C5-AAAE-B8666898B715}.Debug|x64.ActiveCfg = Debug|x64
		{BD7B4428-4CAC-46C5-AAAE-B8666898B715}.Debug|x64.Build.0 = Debug|x64
		{BD7B4428-4CAC-46C5-AAAE-B8666898B715}.Debug|x86.ActiveCfg = Debug|Win32
		{BD7B4428-4CAC-46C5-AAAE-B8666898B715}.Debug|x86.Build.0 = Debug|Win32
		{BD7B4428-4CAC-46C5-AAAE-B8666898B715}.Release|x64.ActiveCfg = Release|x64
		{BD7B4428-4CAC-46C5-AAAE-B8666898B715}.Release|x64.Build.0 = Release|x64
		{BD7B4428-4CAC-46C5-AAAE-B8666898B715}.Release|x86.ActiveCfg = Release|Win32
		{BD7B4428-4CAC-46C5-AAAE-B8666898B715}.Release|x86.Build.0 = Release|Win32
	EndGlobalSection
	GlobalSection(SolutionProperties) = preSolution
		HideSolutionNode = FALSE
	EndGlobalSection
	GlobalSection(ExtensibilityGlobals) = postSolution
		SolutionGuid = {D0618EBE-DC51-4FBF-97CC-5EFDAF94F4C9}
	EndGlobalSection
EndGlobal
